<?xml version="1.0" encoding="utf-8"?>
<Project ToolsVersion="4.0" xmlns="http://schemas.microsoft.com/developer/msbuild/2003">
  <ItemGroup>
    <Filter Include="Source Files">
      <UniqueIdentifier>{4FC737F1-C7A5-4376-A066-2A32D752A2FF}</UniqueIdentifier>
      <Extensions>cpp;c;cc;cxx;def;odl;idl;hpj;bat;asm;asmx</Extensions>
    </Filter>
    <Filter Include="Header Files">
      <UniqueIdentifier>{93995380-89BD-4b04-88EB-625FBE52EBFB}</UniqueIdentifier>
      <Extensions>h;hh;hpp;hxx;hm;inl;inc;xsd</Extensions>
    </Filter>
    <Filter Include="Resource Files">
      <UniqueIdentifier>{67DA6AB6-F800-4c08-8B7A-83BB121AAD01}</UniqueIdentifier>
      <Extensions>qrc;rc;ico;cur;bmp;dlg;rc2;rct;bin;rgs;gif;jpg;jpeg;jpe;resx;tiff;tif;png;wav;mfcribbon-ms</Extensions>
    </Filter>
    <Filter Include="Form Files">
      <UniqueIdentifier>{99349809-55BA-4b9d-BF79-8FDBB0286EB3}</UniqueIdentifier>
      <Extensions>ui</Extensions>
    </Filter>
    <Filter Include="Translation Files">
      <UniqueIdentifier>{639EADAA-A684-42e4-A9AD-28FC9BCB8F7C}</UniqueIdentifier>
      <Extensions>ts</Extensions>
    </Filter>
  </ItemGroup>
  <ItemGroup>
    <QtRcc Include="StatisticsAssistant.qrc">
      <Filter>Resource Files</Filter>
    </QtRcc>
    <QtUic Include="StatisticsAssistant.ui">
      <Filter>Form Files</Filter>
    </QtUic>
  </ItemGroup>
  <ItemGroup>
    <ClCompile Include="main.cpp">
      <Filter>Source Files</Filter>
    </ClCompile>
    <ClCompile Include="StatisticsAssistant.cpp">
      <Filter>Source Files</Filter>
    </ClCompile>
    <ClCompile Include="ConfigData.cpp">
      <Filter>Source Files</Filter>
    </ClCompile>
    <ClCompile Include="ChannelImp.cpp">
      <Filter>Source Files</Filter>
    </ClCompile>
    <ClCompile Include="ToastWidget.cpp">
      <Filter>Source Files</Filter>
    </ClCompile>
    <ClCompile Include="BtnGroupEx.cpp">
      <Filter>Source Files</Filter>
    </ClCompile>
    <ClCompile Include="ChannelDataWidget.cpp">
      <Filter>Source Files</Filter>
    </ClCompile>
    <ClCompile Include="ChannelWidget.cpp">
      <Filter>Source Files</Filter>
    </ClCompile>
    <ClCompile Include="CheckCenter.cpp">
      <Filter>Source Files</Filter>
    </ClCompile>
    <ClCompile Include="ComboBoxEx.cpp">
      <Filter>Source Files</Filter>
    </ClCompile>
    <ClCompile Include="CommuDataCenter.cpp">
      <Filter>Source Files</Filter>
    </ClCompile>
    <ClCompile Include="DataSendCenter.cpp">
      <Filter>Source Files</Filter>
    </ClCompile>
    <ClCompile Include="ListCtrlEx.cpp">
      <Filter>Source Files</Filter>
    </ClCompile>
    <ClCompile Include="PushBtnEx.cpp">
      <Filter>Source Files</Filter>
    </ClCompile>
    <ClCompile Include="SemAssistant.cpp">
      <Filter>Source Files</Filter>
    </ClCompile>
    <ClCompile Include="SerialPortChannel.cpp">
      <Filter>Source Files</Filter>
    </ClCompile>
    <ClCompile Include="SerialPortConfigWidget.cpp">
      <Filter>Source Files</Filter>
    </ClCompile>
    <ClCompile Include="SerialPortMainWidget.cpp">
      <Filter>Source Files</Filter>
    </ClCompile>
    <ClCompile Include="SettingBaseConfigWidget.cpp">
      <Filter>Source Files</Filter>
    </ClCompile>
    <ClCompile Include="Sqlite3Config.cpp">
      <Filter>Source Files</Filter>
    </ClCompile>
    <ClCompile Include="Sqltie3Util.cpp">
      <Filter>Source Files</Filter>
    </ClCompile>
    <ClCompile Include="StandardItemEx.cpp">
      <Filter>Source Files</Filter>
    </ClCompile>
    <ClCompile Include="TitleBar.cpp">
      <Filter>Source Files</Filter>
    </ClCompile>
    <ClCompile Include="UDPCommuChannel.cpp">
      <Filter>Source Files</Filter>
    </ClCompile>
    <ClCompile Include="UDPConfigWidget.cpp">
      <Filter>Source Files</Filter>
    </ClCompile>
    <ClCompile Include="UDPMainWidget.cpp">
      <Filter>Source Files</Filter>
    </ClCompile>
  </ItemGroup>
  <ItemGroup>
    <ClInclude Include="typedef.h">
      <Filter>Header Files</Filter>
    </ClInclude>
    <ClInclude Include="interface.h">
      <Filter>Header Files</Filter>
    </ClInclude>
    <ClInclude Include="resource.h">
      <Filter>Header Files</Filter>
    </ClInclude>
    <ClInclude Include="resource1.h">
      <Filter>Header Files</Filter>
    </ClInclude>
    <ClInclude Include="resource2.h">
      <Filter>Header Files</Filter>
    </ClInclude>
    <ClInclude Include="resource3.h">
      <Filter>Header Files</Filter>
    </ClInclude>
    <ClInclude Include="resource4.h">
      <Filter>Header Files</Filter>
    </ClInclude>
    <ClInclude Include="SemAssistant.h">
      <Filter>Header Files</Filter>
    </ClInclude>
    <ClInclude Include="StandardItemEx.h">
      <Filter>Header Files</Filter>
    </ClInclude>
  </ItemGroup>
  <ItemGroup>
    <QtMoc Include="StatisticsAssistant.h">
      <Filter>Header Files</Filter>
    </QtMoc>
    <QtMoc Include="ConfigData.h">
      <Filter>Header Files</Filter>
    </QtMoc>
    <QtMoc Include="ChannelImp.h">
      <Filter>Header Files</Filter>
    </QtMoc>
    <QtMoc Include="ToastWidget.h">
      <Filter>Header Files</Filter>
    </QtMoc>
    <QtMoc Include="BtnGroupEx.h">
      <Filter>Header Files</Filter>
    </QtMoc>
    <QtMoc Include="ChannelDataWidget.h">
      <Filter>Header Files</Filter>
    </QtMoc>
    <QtMoc Include="ChannelWidget.h">
      <Filter>Header Files</Filter>
    </QtMoc>
    <QtMoc Include="CheckCenter.h">
      <Filter>Header Files</Filter>
    </QtMoc>
    <QtMoc Include="ComboBoxEx.h">
      <Filter>Header Files</Filter>
    </QtMoc>
    <QtMoc Include="CommuDataCenter.h">
      <Filter>Header Files</Filter>
    </QtMoc>
    <QtMoc Include="DataSendCenter.h">
      <Filter>Header Files</Filter>
    </QtMoc>
    <QtMoc Include="ListCtrlEx.h">
      <Filter>Header Files</Filter>
    </QtMoc>
    <QtMoc Include="PushBtnEx.h">
      <Filter>Header Files</Filter>
    </QtMoc>
    <QtMoc Include="SerialPortChannel.h">
      <Filter>Header Files</Filter>
    </QtMoc>
    <QtMoc Include="SerialPortConfigWidget.h">
      <Filter>Header Files</Filter>
    </QtMoc>
    <QtMoc Include="SerialPortMainWidget.h">
      <Filter>Header Files</Filter>
    </QtMoc>
    <QtMoc Include="SettingBaseConfigWidget.h">
      <Filter>Header Files</Filter>
    </QtMoc>
    <QtMoc Include="Sqlite3Config.h">
      <Filter>Header Files</Filter>
    </QtMoc>
    <QtMoc Include="Sqltie3Util.h">
      <Filter>Header Files</Filter>
    </QtMoc>
    <QtMoc Include="TitleBar.h">
      <Filter>Header Files</Filter>
    </QtMoc>
    <QtMoc Include="UDPCommuChannel.h">
      <Filter>Header Files</Filter>
    </QtMoc>
    <QtMoc Include="UDPConfigWidget.h">
      <Filter>Header Files</Filter>
    </QtMoc>
    <QtMoc Include="UDPMainWidget.h">
      <Filter>Header Files</Filter>
    </QtMoc>
  </ItemGroup>
  <ItemGroup>
    <QtUic Include="udp_config_widget.ui">
      <Filter>Form Files</Filter>
    </QtUic>
    <QtUic Include="udp_main_widget.ui">
      <Filter>Form Files</Filter>
    </QtUic>
    <QtUic Include="channel_widget.ui">
      <Filter>Form Files</Filter>
    </QtUic>
    <QtUic Include="link_config_widget.ui">
      <Filter>Form Files</Filter>
    </QtUic>
    <QtUic Include="list_ctrl_ex.ui">
      <Filter>Form Files</Filter>
    </QtUic>
    <QtUic Include="title_bar.ui">
      <Filter>Form Files</Filter>
    </QtUic>
    <QtUic Include="serial_port_config_widget.ui">
      <Filter>Form Files</Filter>
    </QtUic>
    <QtUic Include="serial_port_main_widget.ui">
      <Filter>Form Files</Filter>
    </QtUic>
    <QtUic Include="setting_base_config.ui">
      <Filter>Form Files</Filter>
    </QtUic>
    <QtUic Include="toast_widget.ui">
      <Filter>Form Files</Filter>
    </QtUic>
  </ItemGroup>
  <ItemGroup>
    <QtTranslation Include="zh.ts">
      <Filter>Translation Files</Filter>
    </QtTranslation>
  </ItemGroup>
  <ItemGroup>
    <ResourceCompile Include="statistics_assistant.rc">
      <Filter>Resource Files</Filter>
    </ResourceCompile>
  </ItemGroup>
  <ItemGroup>
    <Image Include="resource\icon\app.ico">
      <Filter>Resource Files</Filter>
    </Image>
  </ItemGroup>
</Project>